
Microsoft Visual Studio Solution File, Format Version 12.00
# Visual Studio Version 17
VisualStudioVersion = 17.4.33205.214
MinimumVisualStudioVersion = 10.0.40219.1
Project("{FAE04EC0-301F-11D3-BF4B-00C04F79EFBC}") = "WoodenStreet", "WoodenStreet\WoodenStreet.csproj", "{75F17F3A-70D7-4747-A933-3E68E1F6089D}"
EndProject
Global
	GlobalSection(SolutionConfigurationPlatforms) = preSolution
		Debug|Any CPU = Debug|Any CPU
		Release|Any CPU = Release|Any CPU
	EndGlobalSection
	GlobalSection(ProjectConfigurationPlatforms) = postSolution
		{75F17F3A-70D7-4747-A933-3E68E1F6089D}.Debug|Any CPU.ActiveCfg = Debug|Any CPU
		{75F17F3A-70D7-4747-A933-3E68E1F6089D}.Debug|Any CPU.Build.0 = Debug|Any CPU
		{75F17F3A-70D7-4747-A933-3E68E1F6089D}.Release|Any CPU.ActiveCfg = Release|Any CPU
		{75F17F3A-70D7-4747-A933-3E68E1F6089D}.Release|Any CPU.Build.0 = Release|Any CPU
	EndGlobalSection
	GlobalSection(SolutionProperties) = preSolution
		HideSolutionNode = FALSE
	EndGlobalSection
	GlobalSection(ExtensibilityGlobals) = postSolution
		SolutionGuid = {C1B7CDBE-C9F1-479F-A91F-208F37FD5AC0}
	EndGlobalSection
EndGlobal
